// !$*UTF8*$!
{
	archiveVersion = 1;
	classes = {
	};
	objectVersion = 51;
	objects = {

/* Begin PBXBuildFile section */
		B30EE287252EE387007BF31A /* APIkeys.swift in Sources */ = {isa = PBXBuildFile; fileRef = B30EE286252EE387007BF31A /* APIkeys.swift */; };
		B3E04A2F252D4F7F00916D0C /* AppDelegate.swift in Sources */ = {isa = PBXBuildFile; fileRef = B3E04A2E252D4F7F00916D0C /* AppDelegate.swift */; };
		B3E04A31252D4F7F00916D0C /* SceneDelegate.swift in Sources */ = {isa = PBXBuildFile; fileRef = B3E04A30252D4F7F00916D0C /* SceneDelegate.swift */; };
		B3E04A33252D4F7F00916D0C /* LocationListViewController.swift in Sources */ = {isa = PBXBuildFile; fileRef = B3E04A32252D4F7F00916D0C /* LocationListViewController.swift */; };
		B3E04A36252D4F7F00916D0C /* Main.storyboard in Resources */ = {isa = PBXBuildFile; fileRef = B3E04A34252D4F7F00916D0C /* Main.storyboard */; };
		B3E04A38252D4F8000916D0C /* Assets.xcassets in Resources */ = {isa = PBXBuildFile; fileRef = B3E04A37252D4F8000916D0C /* Assets.xcassets */; };
		B3E04A3B252D4F8000916D0C /* LaunchScreen.storyboard in Resources */ = {isa = PBXBuildFile; fileRef = B3E04A39252D4F8000916D0C /* LaunchScreen.storyboard */; };
		B3E04A46252D4F8000916D0C /* WeatherGiftTests.swift in Sources */ = {isa = PBXBuildFile; fileRef = B3E04A45252D4F8000916D0C /* WeatherGiftTests.swift */; };
		B3E04A51252D4F8000916D0C /* WeatherGiftUITests.swift in Sources */ = {isa = PBXBuildFile; fileRef = B3E04A50252D4F8000916D0C /* WeatherGiftUITests.swift */; };
		B3E04A62252D4FD500916D0C /* WeatherLocation.swift in Sources */ = {isa = PBXBuildFile; fileRef = B3E04A61252D4FD500916D0C /* WeatherLocation.swift */; };
		B3FA0C6D25300C3500C567A5 /* PageViewController.swift in Sources */ = {isa = PBXBuildFile; fileRef = B3FA0C6C25300C3500C567A5 /* PageViewController.swift */; };
		B3FFB8C4252ED6B900F0B0DB /* LocationDetailViewController.swift in Sources */ = {isa = PBXBuildFile; fileRef = B3FFB8C3252ED6B900F0B0DB /* LocationDetailViewController.swift */; };
		F59302386766DF94FEB0B592 /* libPods-WeatherGift.a in Frameworks */ = {isa = PBXBuildFile; fileRef = 828578BA6FE2AE80D4BDC25D /* libPods-WeatherGift.a */; };
/* End PBXBuildFile section */

/* Begin PBXContainerItemProxy section */
		B3E04A42252D4F8000916D0C /* PBXContainerItemProxy */ = {
			isa = PBXContainerItemProxy;
			containerPortal = B3E04A23252D4F7F00916D0C /* Project object */;
			proxyType = 1;
			remoteGlobalIDString = B3E04A2A252D4F7F00916D0C;
			remoteInfo = WeatherGift;
		};
		B3E04A4D252D4F8000916D0C /* PBXContainerItemProxy */ = {
			isa = PBXContainerItemProxy;
			containerPortal = B3E04A23252D4F7F00916D0C /* Project object */;
			proxyType = 1;
			remoteGlobalIDString = B3E04A2A252D4F7F00916D0C;
			remoteInfo = WeatherGift;
		};
/* End PBXContainerItemProxy section */

/* Begin PBXFileReference section */
		5246432C6F91357E1D0FFA2E /* Pods-WeatherGift.debug.xcconfig */ = {isa = PBXFileReference; includeInIndex = 1; lastKnownFileType = text.xcconfig; name = "Pods-WeatherGift.debug.xcconfig"; path = "Target Support Files/Pods-WeatherGift/Pods-WeatherGift.debug.xcconfig"; sourceTree = "<group>"; };
		828578BA6FE2AE80D4BDC25D /* libPods-WeatherGift.a */ = {isa = PBXFileReference; explicitFileType = archive.ar; includeInIndex = 0; path = "libPods-WeatherGift.a"; sourceTree = BUILT_PRODUCTS_DIR; };
		8916B0FFEDCAF2B69C1AEE15 /* Pods-WeatherGift.release.xcconfig */ = {isa = PBXFileReference; includeInIndex = 1; lastKnownFileType = text.xcconfig; name = "Pods-WeatherGift.release.xcconfig"; path = "Target Support Files/Pods-WeatherGift/Pods-WeatherGift.release.xcconfig"; sourceTree = "<group>"; };
		B30EE286252EE387007BF31A /* APIkeys.swift */ = {isa = PBXFileReference; lastKnownFileType = sourcecode.swift; path = APIkeys.swift; sourceTree = "<group>"; };
		B3E04A2B252D4F7F00916D0C /* WeatherGift.app */ = {isa = PBXFileReference; explicitFileType = wrapper.application; includeInIndex = 0; path = WeatherGift.app; sourceTree = BUILT_PRODUCTS_DIR; };
		B3E04A2E252D4F7F00916D0C /* AppDelegate.swift */ = {isa = PBXFileReference; lastKnownFileType = sourcecode.swift; path = AppDelegate.swift; sourceTree = "<group>"; };
		B3E04A30252D4F7F00916D0C /* SceneDelegate.swift */ = {isa = PBXFileReference; lastKnownFileType = sourcecode.swift; path = SceneDelegate.swift; sourceTree = "<group>"; };
		B3E04A32252D4F7F00916D0C /* LocationListViewController.swift */ = {isa = PBXFileReference; lastKnownFileType = sourcecode.swift; path = LocationListViewController.swift; sourceTree = "<group>"; };
		B3E04A35252D4F7F00916D0C /* Base */ = {isa = PBXFileReference; lastKnownFileType = file.storyboard; name = Base; path = Base.lproj/Main.storyboard; sourceTree = "<group>"; };
		B3E04A37252D4F8000916D0C /* Assets.xcassets */ = {isa = PBXFileReference; lastKnownFileType = folder.assetcatalog; path = Assets.xcassets; sourceTree = "<group>"; };
		B3E04A3A252D4F8000916D0C /* Base */ = {isa = PBXFileReference; lastKnownFileType = file.storyboard; name = Base; path = Base.lproj/LaunchScreen.storyboard; sourceTree = "<group>"; };
		B3E04A3C252D4F8000916D0C /* Info.plist */ = {isa = PBXFileReference; lastKnownFileType = text.plist.xml; path = Info.plist; sourceTree = "<group>"; };
		B3E04A41252D4F8000916D0C /* WeatherGiftTests.xctest */ = {isa = PBXFileReference; explicitFileType = wrapper.cfbundle; includeInIndex = 0; path = WeatherGiftTests.xctest; sourceTree = BUILT_PRODUCTS_DIR; };
		B3E04A45252D4F8000916D0C /* WeatherGiftTests.swift */ = {isa = PBXFileReference; lastKnownFileType = sourcecode.swift; path = WeatherGiftTests.swift; sourceTree = "<group>"; };
		B3E04A47252D4F8000916D0C /* Info.plist */ = {isa = PBXFileReference; lastKnownFileType = text.plist.xml; path = Info.plist; sourceTree = "<group>"; };
		B3E04A4C252D4F8000916D0C /* WeatherGiftUITests.xctest */ = {isa = PBXFileReference; explicitFileType = wrapper.cfbundle; includeInIndex = 0; path = WeatherGiftUITests.xctest; sourceTree = BUILT_PRODUCTS_DIR; };
		B3E04A50252D4F8000916D0C /* WeatherGiftUITests.swift */ = {isa = PBXFileReference; lastKnownFileType = sourcecode.swift; path = WeatherGiftUITests.swift; sourceTree = "<group>"; };
		B3E04A52252D4F8000916D0C /* Info.plist */ = {isa = PBXFileReference; lastKnownFileType = text.plist.xml; path = Info.plist; sourceTree = "<group>"; };
		B3E04A61252D4FD500916D0C /* WeatherLocation.swift */ = {isa = PBXFileReference; lastKnownFileType = sourcecode.swift; path = WeatherLocation.swift; sourceTree = "<group>"; };
		B3FA0C6C25300C3500C567A5 /* PageViewController.swift */ = {isa = PBXFileReference; lastKnownFileType = sourcecode.swift; path = PageViewController.swift; sourceTree = "<group>"; };
		B3FFB8C3252ED6B900F0B0DB /* LocationDetailViewController.swift */ = {isa = PBXFileReference; lastKnownFileType = sourcecode.swift; path = LocationDetailViewController.swift; sourceTree = "<group>"; };
/* End PBXFileReference section */

/* Begin PBXFrameworksBuildPhase section */
		B3E04A28252D4F7F00916D0C /* Frameworks */ = {
			isa = PBXFrameworksBuildPhase;
			buildActionMask = 2147483647;
			files = (
				F59302386766DF94FEB0B592 /* libPods-WeatherGift.a in Frameworks */,
			);
			runOnlyForDeploymentPostprocessing = 0;
		};
		B3E04A3E252D4F8000916D0C /* Frameworks */ = {
			isa = PBXFrameworksBuildPhase;
			buildActionMask = 2147483647;
			files = (
			);
			runOnlyForDeploymentPostprocessing = 0;
		};
		B3E04A49252D4F8000916D0C /* Frameworks */ = {
			isa = PBXFrameworksBuildPhase;
			buildActionMask = 2147483647;
			files = (
			);
			runOnlyForDeploymentPostprocessing = 0;
		};
/* End PBXFrameworksBuildPhase section */

/* Begin PBXGroup section */
		4DA45DD1BB29F88B602D00D4 /* Frameworks */ = {
			isa = PBXGroup;
			children = (
				828578BA6FE2AE80D4BDC25D /* libPods-WeatherGift.a */,
			);
			name = Frameworks;
			sourceTree = "<group>";
		};
		B3E04A22252D4F7F00916D0C = {
			isa = PBXGroup;
			children = (
				B3E04A2D252D4F7F00916D0C /* WeatherGift */,
				B3E04A44252D4F8000916D0C /* WeatherGiftTests */,
				B3E04A4F252D4F8000916D0C /* WeatherGiftUITests */,
				B3E04A2C252D4F7F00916D0C /* Products */,
				EE16405CCF637C79FCF74EB8 /* Pods */,
				4DA45DD1BB29F88B602D00D4 /* Frameworks */,
			);
			sourceTree = "<group>";
		};
		B3E04A2C252D4F7F00916D0C /* Products */ = {
			isa = PBXGroup;
			children = (
				B3E04A2B252D4F7F00916D0C /* WeatherGift.app */,
				B3E04A41252D4F8000916D0C /* WeatherGiftTests.xctest */,
				B3E04A4C252D4F8000916D0C /* WeatherGiftUITests.xctest */,
			);
			name = Products;
			sourceTree = "<group>";
		};
		B3E04A2D252D4F7F00916D0C /* WeatherGift */ = {
			isa = PBXGroup;
			children = (
				B3E04A2E252D4F7F00916D0C /* AppDelegate.swift */,
				B3E04A30252D4F7F00916D0C /* SceneDelegate.swift */,
				B3E04A61252D4FD500916D0C /* WeatherLocation.swift */,
				B3FA0C6C25300C3500C567A5 /* PageViewController.swift */,
				B3FFB8C3252ED6B900F0B0DB /* LocationDetailViewController.swift */,
				B3E04A32252D4F7F00916D0C /* LocationListViewController.swift */,
				B3E04A34252D4F7F00916D0C /* Main.storyboard */,
				B3E04A37252D4F8000916D0C /* Assets.xcassets */,
				B3E04A39252D4F8000916D0C /* LaunchScreen.storyboard */,
				B3E04A3C252D4F8000916D0C /* Info.plist */,
				B30EE286252EE387007BF31A /* APIkeys.swift */,
			);
			path = WeatherGift;
			sourceTree = "<group>";
		};
		B3E04A44252D4F8000916D0C /* WeatherGiftTests */ = {
			isa = PBXGroup;
			children = (
				B3E04A45252D4F8000916D0C /* WeatherGiftTests.swift */,
				B3E04A47252D4F8000916D0C /* Info.plist */,
			);
			path = WeatherGiftTests;
			sourceTree = "<group>";
		};
		B3E04A4F252D4F8000916D0C /* WeatherGiftUITests */ = {
			isa = PBXGroup;
			children = (
				B3E04A50252D4F8000916D0C /* WeatherGiftUITests.swift */,
				B3E04A52252D4F8000916D0C /* Info.plist */,
			);
			path = WeatherGiftUITests;
			sourceTree = "<group>";
		};
		EE16405CCF637C79FCF74EB8 /* Pods */ = {
			isa = PBXGroup;
			children = (
				5246432C6F91357E1D0FFA2E /* Pods-WeatherGift.debug.xcconfig */,
				8916B0FFEDCAF2B69C1AEE15 /* Pods-WeatherGift.release.xcconfig */,
			);
			path = Pods;
			sourceTree = "<group>";
		};
/* End PBXGroup section */

/* Begin PBXNativeTarget section */
		B3E04A2A252D4F7F00916D0C /* WeatherGift */ = {
			isa = PBXNativeTarget;
			buildConfigurationList = B3E04A55252D4F8000916D0C /* Build configuration list for PBXNativeTarget "WeatherGift" */;
			buildPhases = (
				CB90920263AC4424C261B2D6 /* [CP] Check Pods Manifest.lock */,
				B3E04A27252D4F7F00916D0C /* Sources */,
				B3E04A28252D4F7F00916D0C /* Frameworks */,
				B3E04A29252D4F7F00916D0C /* Resources */,
				2700A7B8FBD1DAAEAB2B4DE0 /* [CP] Copy Pods Resources */,
			);
			buildRules = (
			);
			dependencies = (
			);
			name = WeatherGift;
			productName = WeatherGift;
			productReference = B3E04A2B252D4F7F00916D0C /* WeatherGift.app */;
			productType = "com.apple.product-type.application";
		};
		B3E04A40252D4F8000916D0C /* WeatherGiftTests */ = {
			isa = PBXNativeTarget;
			buildConfigurationList = B3E04A58252D4F8000916D0C /* Build configuration list for PBXNativeTarget "WeatherGiftTests" */;
			buildPhases = (
				B3E04A3D252D4F8000916D0C /* Sources */,
				B3E04A3E252D4F8000916D0C /* Frameworks */,
				B3E04A3F252D4F8000916D0C /* Resources */,
			);
			buildRules = (
			);
			dependencies = (
				B3E04A43252D4F8000916D0C /* PBXTargetDependency */,
			);
			name = WeatherGiftTests;
			productName = WeatherGiftTests;
			productReference = B3E04A41252D4F8000916D0C /* WeatherGiftTests.xctest */;
			productType = "com.apple.product-type.bundle.unit-test";
		};
		B3E04A4B252D4F8000916D0C /* WeatherGiftUITests */ = {
			isa = PBXNativeTarget;
			buildConfigurationList = B3E04A5B252D4F8000916D0C /* Build configuration list for PBXNativeTarget "WeatherGiftUITests" */;
			buildPhases = (
				B3E04A48252D4F8000916D0C /* Sources */,
				B3E04A49252D4F8000916D0C /* Frameworks */,
				B3E04A4A252D4F8000916D0C /* Resources */,
			);
			buildRules = (
			);
			dependencies = (
				B3E04A4E252D4F8000916D0C /* PBXTargetDependency */,
			);
			name = WeatherGiftUITests;
			productName = WeatherGiftUITests;
			productReference = B3E04A4C252D4F8000916D0C /* WeatherGiftUITests.xctest */;
			productType = "com.apple.product-type.bundle.ui-testing";
		};
/* End PBXNativeTarget section */

/* Begin PBXProject section */
		B3E04A23252D4F7F00916D0C /* Project object */ = {
			isa = PBXProject;
			attributes = {
				LastSwiftUpdateCheck = 1200;
				LastUpgradeCheck = 1200;
				TargetAttributes = {
					B3E04A2A252D4F7F00916D0C = {
						CreatedOnToolsVersion = 12.0.1;
					};
					B3E04A40252D4F8000916D0C = {
						CreatedOnToolsVersion = 12.0.1;
						TestTargetID = B3E04A2A252D4F7F00916D0C;
					};
					B3E04A4B252D4F8000916D0C = {
						CreatedOnToolsVersion = 12.0.1;
						TestTargetID = B3E04A2A252D4F7F00916D0C;
					};
				};
			};
			buildConfigurationList = B3E04A26252D4F7F00916D0C /* Build configuration list for PBXProject "WeatherGift" */;
			compatibilityVersion = "Xcode 9.3";
			developmentRegion = en;
			hasScannedForEncodings = 0;
			knownRegions = (
				en,
				Base,
			);
			mainGroup = B3E04A22252D4F7F00916D0C;
			productRefGroup = B3E04A2C252D4F7F00916D0C /* Products */;
			projectDirPath = "";
			projectRoot = "";
			targets = (
				B3E04A2A252D4F7F00916D0C /* WeatherGift */,
				B3E04A40252D4F8000916D0C /* WeatherGiftTests */,
				B3E04A4B252D4F8000916D0C /* WeatherGiftUITests */,
			);
		};
/* End PBXProject section */

/* Begin PBXResourcesBuildPhase section */
		B3E04A29252D4F7F00916D0C /* Resources */ = {
			isa = PBXResourcesBuildPhase;
			buildActionMask = 2147483647;
			files = (
				B3E04A3B252D4F8000916D0C /* LaunchScreen.storyboard in Resources */,
				B3E04A38252D4F8000916D0C /* Assets.xcassets in Resources */,
				B3E04A36252D4F7F00916D0C /* Main.storyboard in Resources */,
			);
			runOnlyForDeploymentPostprocessing = 0;
		};
		B3E04A3F252D4F8000916D0C /* Resources */ = {
			isa = PBXResourcesBuildPhase;
			buildActionMask = 2147483647;
			files = (
			);
			runOnlyForDeploymentPostprocessing = 0;
		};
		B3E04A4A252D4F8000916D0C /* Resources */ = {
			isa = PBXResourcesBuildPhase;
			buildActionMask = 2147483647;
			files = (
			);
			runOnlyForDeploymentPostprocessing = 0;
		};
/* End PBXResourcesBuildPhase section */

/* Begin PBXShellScriptBuildPhase section */
		2700A7B8FBD1DAAEAB2B4DE0 /* [CP] Copy Pods Resources */ = {
			isa = PBXShellScriptBuildPhase;
			buildActionMask = 2147483647;
			files = (
			);
			inputFileListPaths = (
				"${PODS_ROOT}/Target Support Files/Pods-WeatherGift/Pods-WeatherGift-resources-${CONFIGURATION}-input-files.xcfilelist",
			);
			name = "[CP] Copy Pods Resources";
			outputFileListPaths = (
				"${PODS_ROOT}/Target Support Files/Pods-WeatherGift/Pods-WeatherGift-resources-${CONFIGURATION}-output-files.xcfilelist",
			);
			runOnlyForDeploymentPostprocessing = 0;
			shellPath = /bin/sh;
			shellScript = "\"${PODS_ROOT}/Target Support Files/Pods-WeatherGift/Pods-WeatherGift-resources.sh\"\n";
			showEnvVarsInLog = 0;
		};
		CB90920263AC4424C261B2D6 /* [CP] Check Pods Manifest.lock */ = {
			isa = PBXShellScriptBuildPhase;
			buildActionMask = 2147483647;
			files = (
			);
			inputFileListPaths = (
			);
			inputPaths = (
				"${PODS_PODFILE_DIR_PATH}/Podfile.lock",
				"${PODS_ROOT}/Manifest.lock",
			);
			name = "[CP] Check Pods Manifest.lock";
			outputFileListPaths = (
			);
			outputPaths = (
				"$(DERIVED_FILE_DIR)/Pods-WeatherGift-checkManifestLockResult.txt",
			);
			runOnlyForDeploymentPostprocessing = 0;
			shellPath = /bin/sh;
			shellScript = "diff \"${PODS_PODFILE_DIR_PATH}/Podfile.lock\" \"${PODS_ROOT}/Manifest.lock\" > /dev/null\nif [ $? != 0 ] ; then\n    # print error to STDERR\n    echo \"error: The sandbox is not in sync with the Podfile.lock. Run 'pod install' or update your CocoaPods installation.\" >&2\n    exit 1\nfi\n# This output is used by Xcode 'outputs' to avoid re-running this script phase.\necho \"SUCCESS\" > \"${SCRIPT_OUTPUT_FILE_0}\"\n";
			showEnvVarsInLog = 0;
		};
/* End PBXShellScriptBuildPhase section */

/* Begin PBXSourcesBuildPhase section */
		B3E04A27252D4F7F00916D0C /* Sources */ = {
			isa = PBXSourcesBuildPhase;
			buildActionMask = 2147483647;
			files = (
				B30EE287252EE387007BF31A /* APIkeys.swift in Sources */,
				B3FA0C6D25300C3500C567A5 /* PageViewController.swift in Sources */,
				B3E04A33252D4F7F00916D0C /* LocationListViewController.swift in Sources */,
				B3E04A62252D4FD500916D0C /* WeatherLocation.swift in Sources */,
				B3E04A2F252D4F7F00916D0C /* AppDelegate.swift in Sources */,
				B3FFB8C4252ED6B900F0B0DB /* LocationDetailViewController.swift in Sources */,
				B3E04A31252D4F7F00916D0C /* SceneDelegate.swift in Sources */,
			);
			runOnlyForDeploymentPostprocessing = 0;
		};
		B3E04A3D252D4F8000916D0C /* Sources */ = {
			isa = PBXSourcesBuildPhase;
			buildActionMask = 2147483647;
			files = (
				B3E04A46252D4F8000916D0C /* WeatherGiftTests.swift in Sources */,
			);
			runOnlyForDeploymentPostprocessing = 0;
		};
		B3E04A48252D4F8000916D0C /* Sources */ = {
			isa = PBXSourcesBuildPhase;
			buildActionMask = 2147483647;
			files = (
				B3E04A51252D4F8000916D0C /* WeatherGiftUITests.swift in Sources */,
			);
			runOnlyForDeploymentPostprocessing = 0;
		};
/* End PBXSourcesBuildPhase section */

/* Begin PBXTargetDependency section */
		B3E04A43252D4F8000916D0C /* PBXTargetDependency */ = {
			isa = PBXTargetDependency;
			target = B3E04A2A252D4F7F00916D0C /* WeatherGift */;
			targetProxy = B3E04A42252D4F8000916D0C /* PBXContainerItemProxy */;
		};
		B3E04A4E252D4F8000916D0C /* PBXTargetDependency */ = {
			isa = PBXTargetDependency;
			target = B3E04A2A252D4F7F00916D0C /* WeatherGift */;
			targetProxy = B3E04A4D252D4F8000916D0C /* PBXContainerItemProxy */;
		};
/* End PBXTargetDependency section */

/* Begin PBXVariantGroup section */
		B3E04A34252D4F7F00916D0C /* Main.storyboard */ = {
			isa = PBXVariantGroup;
			children = (
				B3E04A35252D4F7F00916D0C /* Base */,
			);
			name = Main.storyboard;
			sourceTree = "<group>";
		};
		B3E04A39252D4F8000916D0C /* LaunchScreen.storyboard */ = {
			isa = PBXVariantGroup;
			children = (
				B3E04A3A252D4F8000916D0C /* Base */,
			);
			name = LaunchScreen.storyboard;
			sourceTree = "<group>";
		};
/* End PBXVariantGroup section */

/* Begin XCBuildConfiguration section */
		B3E04A53252D4F8000916D0C /* Debug */ = {
			isa = XCBuildConfiguration;
			buildSettings = {
				ALWAYS_SEARCH_USER_PATHS = NO;
				CLANG_ANALYZER_NONNULL = YES;
				CLANG_ANALYZER_NUMBER_OBJECT_CONVERSION = YES_AGGRESSIVE;
				CLANG_CXX_LANGUAGE_STANDARD = "gnu++14";
				CLANG_CXX_LIBRARY = "libc++";
				CLANG_ENABLE_MODULES = YES;
				CLANG_ENABLE_OBJC_ARC = YES;
				CLANG_ENABLE_OBJC_WEAK = YES;
				CLANG_WARN_BLOCK_CAPTURE_AUTORELEASING = YES;
				CLANG_WARN_BOOL_CONVERSION = YES;
				CLANG_WARN_COMMA = YES;
				CLANG_WARN_CONSTANT_CONVERSION = YES;
				CLANG_WARN_DEPRECATED_OBJC_IMPLEMENTATIONS = YES;
				CLANG_WARN_DIRECT_OBJC_ISA_USAGE = YES_ERROR;
				CLANG_WARN_DOCUMENTATION_COMMENTS = YES;
				CLANG_WARN_EMPTY_BODY = YES;
				CLANG_WARN_ENUM_CONVERSION = YES;
				CLANG_WARN_INFINITE_RECURSION = YES;
				CLANG_WARN_INT_CONVERSION = YES;
				CLANG_WARN_NON_LITERAL_NULL_CONVERSION = YES;
				CLANG_WARN_OBJC_IMPLICIT_RETAIN_SELF = YES;
				CLANG_WARN_OBJC_LITERAL_CONVERSION = YES;
				CLANG_WARN_OBJC_ROOT_CLASS = YES_ERROR;
				CLANG_WARN_QUOTED_INCLUDE_IN_FRAMEWORK_HEADER = YES;
				CLANG_WARN_RANGE_LOOP_ANALYSIS = YES;
				CLANG_WARN_STRICT_PROTOTYPES = YES;
				CLANG_WARN_SUSPICIOUS_MOVE = YES;
				CLANG_WARN_UNGUARDED_AVAILABILITY = YES_AGGRESSIVE;
				CLANG_WARN_UNREACHABLE_CODE = YES;
				CLANG_WARN__DUPLICATE_METHOD_MATCH = YES;
				COPY_PHASE_STRIP = NO;
				DEBUG_INFORMATION_FORMAT = dwarf;
				ENABLE_STRICT_OBJC_MSGSEND = YES;
				ENABLE_TESTABILITY = YES;
				GCC_C_LANGUAGE_STANDARD = gnu11;
				GCC_DYNAMIC_NO_PIC = NO;
				GCC_NO_COMMON_BLOCKS = YES;
				GCC_OPTIMIZATION_LEVEL = 0;
				GCC_PREPROCESSOR_DEFINITIONS = (
					"DEBUG=1",
					"$(inherited)",
				);
				GCC_WARN_64_TO_32_BIT_CONVERSION = YES;
				GCC_WARN_ABOUT_RETURN_TYPE = YES_ERROR;
				GCC_WARN_UNDECLARED_SELECTOR = YES;
				GCC_WARN_UNINITIALIZED_AUTOS = YES_AGGRESSIVE;
				GCC_WARN_UNUSED_FUNCTION = YES;
				GCC_WARN_UNUSED_VARIABLE = YES;
				IPHONEOS_DEPLOYMENT_TARGET = 14.0;
				MTL_ENABLE_DEBUG_INFO = INCLUDE_SOURCE;
				MTL_FAST_MATH = YES;
				ONLY_ACTIVE_ARCH = YES;
				SDKROOT = iphoneos;
				SWIFT_ACTIVE_COMPILATION_CONDITIONS = DEBUG;
				SWIFT_OPTIMIZATION_LEVEL = "-Onone";
			};
			name = Debug;
		};
		B3E04A54252D4F8000916D0C /* Release */ = {
			isa = XCBuildConfiguration;
			buildSettings = {
				ALWAYS_SEARCH_USER_PATHS = NO;
				CLANG_ANALYZER_NONNULL = YES;
				CLANG_ANALYZER_NUMBER_OBJECT_CONVERSION = YES_AGGRESSIVE;
				CLANG_CXX_LANGUAGE_STANDARD = "gnu++14";
				CLANG_CXX_LIBRARY = "libc++";
				CLANG_ENABLE_MODULES = YES;
				CLANG_ENABLE_OBJC_ARC = YES;
				CLANG_ENABLE_OBJC_WEAK = YES;
				CLANG_WARN_BLOCK_CAPTURE_AUTORELEASING = YES;
				CLANG_WARN_BOOL_CONVERSION = YES;
				CLANG_WARN_COMMA = YES;
				CLANG_WARN_CONSTANT_CONVERSION = YES;
				CLANG_WARN_DEPRECATED_OBJC_IMPLEMENTATIONS = YES;
				CLANG_WARN_DIRECT_OBJC_ISA_USAGE = YES_ERROR;
				CLANG_WARN_DOCUMENTATION_COMMENTS = YES;
				CLANG_WARN_EMPTY_BODY = YES;
				CLANG_WARN_ENUM_CONVERSION = YES;
				CLANG_WARN_INFINITE_RECURSION = YES;
				CLANG_WARN_INT_CONVERSION = YES;
				CLANG_WARN_NON_LITERAL_NULL_CONVERSION = YES;
				CLANG_WARN_OBJC_IMPLICIT_RETAIN_SELF = YES;
				CLANG_WARN_OBJC_LITERAL_CONVERSION = YES;
				CLANG_WARN_OBJC_ROOT_CLASS = YES_ERROR;
				CLANG_WARN_QUOTED_INCLUDE_IN_FRAMEWORK_HEADER = YES;
				CLANG_WARN_RANGE_LOOP_ANALYSIS = YES;
				CLANG_WARN_STRICT_PROTOTYPES = YES;
				CLANG_WARN_SUSPICIOUS_MOVE = YES;
				CLANG_WARN_UNGUARDED_AVAILABILITY = YES_AGGRESSIVE;
				CLANG_WARN_UNREACHABLE_CODE = YES;
				CLANG_WARN__DUPLICATE_METHOD_MATCH = YES;
				COPY_PHASE_STRIP = NO;
				DEBUG_INFORMATION_FORMAT = "dwarf-with-dsym";
				ENABLE_NS_ASSERTIONS = NO;
				ENABLE_STRICT_OBJC_MSGSEND = YES;
				GCC_C_LANGUAGE_STANDARD = gnu11;
				GCC_NO_COMMON_BLOCKS = YES;
				GCC_WARN_64_TO_32_BIT_CONVERSION = YES;
				GCC_WARN_ABOUT_RETURN_TYPE = YES_ERROR;
				GCC_WARN_UNDECLARED_SELECTOR = YES;
				GCC_WARN_UNINITIALIZED_AUTOS = YES_AGGRESSIVE;
				GCC_WARN_UNUSED_FUNCTION = YES;
				GCC_WARN_UNUSED_VARIABLE = YES;
				IPHONEOS_DEPLOYMENT_TARGET = 14.0;
				MTL_ENABLE_DEBUG_INFO = NO;
				MTL_FAST_MATH = YES;
				SDKROOT = iphoneos;
				SWIFT_COMPILATION_MODE = wholemodule;
				SWIFT_OPTIMIZATION_LEVEL = "-O";
				VALIDATE_PRODUCT = YES;
			};
			name = Release;
		};
		B3E04A56252D4F8000916D0C /* Debug */ = {
			isa = XCBuildConfiguration;
			baseConfigurationReference = 5246432C6F91357E1D0FFA2E /* Pods-WeatherGift.debug.xcconfig */;
			buildSettings = {
				ASSETCATALOG_COMPILER_APPICON_NAME = AppIcon;
				ASSETCATALOG_COMPILER_GLOBAL_ACCENT_COLOR_NAME = AccentColor;
				CODE_SIGN_STYLE = Automatic;
				DEVELOPMENT_TEAM = JQYNDWGJPN;
				INFOPLIST_FILE = WeatherGift/Info.plist;
				LD_RUNPATH_SEARCH_PATHS = (
					"$(inherited)",
					"@executable_path/Frameworks",
				);
				PRODUCT_BUNDLE_IDENTIFIER = com.sanghalee.WeatherGift;
				PRODUCT_NAME = "$(TARGET_NAME)";
				SWIFT_VERSION = 5.0;
				TARGETED_DEVICE_FAMILY = "1,2";
			};
			name = Debug;
		};
		B3E04A57252D4F8000916D0C /* Release */ = {
			isa = XCBuildConfiguration;
			baseConfigurationReference = 8916B0FFEDCAF2B69C1AEE15 /* Pods-WeatherGift.release.xcconfig */;
			buildSettings = {
				ASSETCATALOG_COMPILER_APPICON_NAME = AppIcon;
				ASSETCATALOG_COMPILER_GLOBAL_ACCENT_COLOR_NAME = AccentColor;
				CODE_SIGN_STYLE = Automatic;
				DEVELOPMENT_TEAM = JQYNDWGJPN;
				INFOPLIST_FILE = WeatherGift/Info.plist;
				LD_RUNPATH_SEARCH_PATHS = (
					"$(inherited)",
					"@executable_path/Frameworks",
				);
				PRODUCT_BUNDLE_IDENTIFIER = com.sanghalee.WeatherGift;
				PRODUCT_NAME = "$(TARGET_NAME)";
				SWIFT_VERSION = 5.0;
				TARGETED_DEVICE_FAMILY = "1,2";
			};
			name = Release;
		};
		B3E04A59252D4F8000916D0C /* Debug */ = {
			isa = XCBuildConfiguration;
			buildSettings = {
				ALWAYS_EMBED_SWIFT_STANDARD_LIBRARIES = YES;
				BUNDLE_LOADER = "$(TEST_HOST)";
				CODE_SIGN_STYLE = Automatic;
				DEVELOPMENT_TEAM = JQYNDWGJPN;
				INFOPLIST_FILE = WeatherGiftTests/Info.plist;
				IPHONEOS_DEPLOYMENT_TARGET = 14.0;
				LD_RUNPATH_SEARCH_PATHS = (
					"$(inherited)",
					"@executable_path/Frameworks",
					"@loader_path/Frameworks",
				);
				PRODUCT_BUNDLE_IDENTIFIER = com.sanghalee.WeatherGiftTests;
				PRODUCT_NAME = "$(TARGET_NAME)";
				SWIFT_VERSION = 5.0;
				TARGETED_DEVICE_FAMILY = "1,2";
				TEST_HOST = "$(BUILT_PRODUCTS_DIR)/WeatherGift.app/WeatherGift";
			};
			name = Debug;
		};
		B3E04A5A252D4F8000916D0C /* Release */ = {
			isa = XCBuildConfiguration;
			buildSettings = {
				ALWAYS_EMBED_SWIFT_STANDARD_LIBRARIES = YES;
				BUNDLE_LOADER = "$(TEST_HOST)";
				CODE_SIGN_STYLE = Automatic;
				DEVELOPMENT_TEAM = JQYNDWGJPN;
				INFOPLIST_FILE = WeatherGiftTests/Info.plist;
				IPHONEOS_DEPLOYMENT_TARGET = 14.0;
				LD_RUNPATH_SEARCH_PATHS = (
					"$(inherited)",
					"@executable_path/Frameworks",
					"@loader_path/Frameworks",
				);
				PRODUCT_BUNDLE_IDENTIFIER = com.sanghalee.WeatherGiftTests;
				PRODUCT_NAME = "$(TARGET_NAME)";
				SWIFT_VERSION = 5.0;
				TARGETED_DEVICE_FAMILY = "1,2";
				TEST_HOST = "$(BUILT_PRODUCTS_DIR)/WeatherGift.app/WeatherGift";
			};
			name = Release;
		};
		B3E04A5C252D4F8000916D0C /* Debug */ = {
			isa = XCBuildConfiguration;
			buildSettings = {
				ALWAYS_EMBED_SWIFT_STANDARD_LIBRARIES = YES;
				CODE_SIGN_STYLE = Automatic;
				DEVELOPMENT_TEAM = JQYNDWGJPN;
				INFOPLIST_FILE = WeatherGiftUITests/Info.plist;
				LD_RUNPATH_SEARCH_PATHS = (
					"$(inherited)",
					"@executable_path/Frameworks",
					"@loader_path/Frameworks",
				);
				PRODUCT_BUNDLE_IDENTIFIER = com.sanghalee.WeatherGiftUITests;
				PRODUCT_NAME = "$(TARGET_NAME)";
				SWIFT_VERSION = 5.0;
				TARGETED_DEVICE_FAMILY = "1,2";
				TEST_TARGET_NAME = WeatherGift;
			};
			name = Debug;
		};
		B3E04A5D252D4F8000916D0C /* Release */ = {
			isa = XCBuildConfiguration;
			buildSettings = {
				ALWAYS_EMBED_SWIFT_STANDARD_LIBRARIES = YES;
				CODE_SIGN_STYLE = Automatic;
				DEVELOPMENT_TEAM = JQYNDWGJPN;
				INFOPLIST_FILE = WeatherGiftUITests/Info.plist;
				LD_RUNPATH_SEARCH_PATHS = (
					"$(inherited)",
					"@executable_path/Frameworks",
					"@loader_path/Frameworks",
				);
				PRODUCT_BUNDLE_IDENTIFIER = com.sanghalee.WeatherGiftUITests;
				PRODUCT_NAME = "$(TARGET_NAME)";
				SWIFT_VERSION = 5.0;
				TARGETED_DEVICE_FAMILY = "1,2";
				TEST_TARGET_NAME = WeatherGift;
			};
			name = Release;
		};
/* End XCBuildConfiguration section */

/* Begin XCConfigurationList section */
		B3E04A26252D4F7F00916D0C /* Build configuration list for PBXProject "WeatherGift" */ = {
			isa = XCConfigurationList;
			buildConfigurations = (
				B3E04A53252D4F8000916D0C /* Debug */,
				B3E04A54252D4F8000916D0C /* Release */,
			);
			defaultConfigurationIsVisible = 0;
			defaultConfigurationName = Release;
		};
		B3E04A55252D4F8000916D0C /* Build configuration list for PBXNativeTarget "WeatherGift" */ = {
			isa = XCConfigurationList;
			buildConfigurations = (
				B3E04A56252D4F8000916D0C /* Debug */,
				B3E04A57252D4F8000916D0C /* Release */,
			);
			defaultConfigurationIsVisible = 0;
			defaultConfigurationName = Release;
		};
		B3E04A58252D4F8000916D0C /* Build configuration list for PBXNativeTarget "WeatherGiftTests" */ = {
			isa = XCConfigurationList;
			buildConfigurations = (
				B3E04A59252D4F8000916D0C /* Debug */,
				B3E04A5A252D4F8000916D0C /* Release */,
			);
			defaultConfigurationIsVisible = 0;
			defaultConfigurationName = Release;
		};
		B3E04A5B252D4F8000916D0C /* Build configuration list for PBXNativeTarget "WeatherGiftUITests" */ = {
			isa = XCConfigurationList;
			buildConfigurations = (
				B3E04A5C252D4F8000916D0C /* Debug */,
				B3E04A5D252D4F8000916D0C /* Release */,
			);
			defaultConfigurationIsVisible = 0;
			defaultConfigurationName = Release;
		};
/* End XCConfigurationList section */
	};
	rootObject = B3E04A23252D4F7F00916D0C /* Project object */;
}
